
Microsoft Visual Studio Solution File, Format Version 12.00
# Visual Studio Version 16
VisualStudioVersion = 16.0.31729.503
MinimumVisualStudioVersion = 10.0.40219.1
Project("{FAE04EC0-301F-11D3-BF4B-00C04F79EFBC}") = "HospitalManagementWebApi", "HospitalManagementWebApi\HospitalManagementWebApi.csproj", "{900F45A9-2F41-4AA7-BD2D-AE9FFF6C4C73}"
EndProject
Project("{FAE04EC0-301F-11D3-BF4B-00C04F79EFBC}") = "HospitalManagement.Common", "Common\HospitalManagement.Common.csproj", "{CF04038E-65D5-4976-8BC8-A3709D6CD892}"
EndProject
Global
	GlobalSection(SolutionConfigurationPlatforms) = preSolution
		Debug|Any CPU = Debug|Any CPU
		Release|Any CPU = Release|Any CPU
	EndGlobalSection
	GlobalSection(ProjectConfigurationPlatforms) = postSolution
		{900F45A9-2F41-4AA7-BD2D-AE9FFF6C4C73}.Debug|Any CPU.ActiveCfg = Debug|Any CPU
		{900F45A9-2F41-4AA7-BD2D-AE9FFF6C4C73}.Debug|Any CPU.Build.0 = Debug|Any CPU
		{900F45A9-2F41-4AA7-BD2D-AE9FFF6C4C73}.Release|Any CPU.ActiveCfg = Release|Any CPU
		{900F45A9-2F41-4AA7-BD2D-AE9FFF6C4C73}.Release|Any CPU.Build.0 = Release|Any CPU
		{CF04038E-65D5-4976-8BC8-A3709D6CD892}.Debug|Any CPU.ActiveCfg = Debug|Any CPU
		{CF04038E-65D5-4976-8BC8-A3709D6CD892}.Debug|Any CPU.Build.0 = Debug|Any CPU
		{CF04038E-65D5-4976-8BC8-A3709D6CD892}.Release|Any CPU.ActiveCfg = Release|Any CPU
		{CF04038E-65D5-4976-8BC8-A3709D6CD892}.Release|Any CPU.Build.0 = Release|Any CPU
	EndGlobalSection
	GlobalSection(SolutionProperties) = preSolution
		HideSolutionNode = FALSE
	EndGlobalSection
	GlobalSection(ExtensibilityGlobals) = postSolution
		SolutionGuid = {02F2AAFF-8CE4-4A2F-8428-D7E988E525C7}
	EndGlobalSection
EndGlobal
